
Microsoft Visual Studio Solution File, Format Version 12.00
# Visual Studio Version 17
VisualStudioVersion = 17.2.32602.215
MinimumVisualStudioVersion = 10.0.40219.1
Project("{FAE04EC0-301F-11D3-BF4B-00C04F79EFBC}") = "WebApplication2", "WebApplication2\WebApplication2.csproj", "{1D261AB1-16B8-4E21-8454-29DF49461109}"
EndProject
Global
	GlobalSection(SolutionConfigurationPlatforms) = preSolution
		Debug|Any CPU = Debug|Any CPU
		Release|Any CPU = Release|Any CPU
	EndGlobalSection
	GlobalSection(ProjectConfigurationPlatforms) = postSolution
		{1D261AB1-16B8-4E21-8454-29DF49461109}.Debug|Any CPU.ActiveCfg = Debug|Any CPU
		{1D261AB1-16B8-4E21-8454-29DF49461109}.Debug|Any CPU.Build.0 = Debug|Any CPU
		{1D261AB1-16B8-4E21-8454-29DF49461109}.Release|Any CPU.ActiveCfg = Release|Any CPU
		{1D261AB1-16B8-4E21-8454-29DF49461109}.Release|Any CPU.Build.0 = Release|Any CPU
	EndGlobalSection
	GlobalSection(SolutionProperties) = preSolution
		HideSolutionNode = FALSE
	EndGlobalSection
	GlobalSection(ExtensibilityGlobals) = postSolution
		SolutionGuid = {58A03BD3-04D5-4921-913F-0BA2D8995AF9}
	EndGlobalSection
EndGlobal
